// !$*UTF8*$!
{
	archiveVersion = 1;
	classes = {
	};
	objectVersion = 46;
	objects = {

/* Begin PBXBuildFile section */
		4853269815BC7C6900821A1D /* icon_144.png in Resources */ = {isa = PBXBuildFile; fileRef = 4853269715BC7C6900821A1D /* icon_144.png */; };
		489A7EA214CF933100191795 /* UIKit.framework in Frameworks */ = {isa = PBXBuildFile; fileRef = 489A7EA114CF933100191795 /* UIKit.framework */; };
		489A7EA414CF933100191795 /* Foundation.framework in Frameworks */ = {isa = PBXBuildFile; fileRef = 489A7EA314CF933100191795 /* Foundation.framework */; };
		489A7EA614CF933100191795 /* CoreGraphics.framework in Frameworks */ = {isa = PBXBuildFile; fileRef = 489A7EA514CF933100191795 /* CoreGraphics.framework */; };
		489A7EAC14CF933100191795 /* InfoPlist.strings in Resources */ = {isa = PBXBuildFile; fileRef = 489A7EAA14CF933100191795 /* InfoPlist.strings */; };
		489A7EAE14CF933100191795 /* main.m in Sources */ = {isa = PBXBuildFile; fileRef = 489A7EAD14CF933100191795 /* main.m */; };
		489A7EB214CF933100191795 /* VLAppDelegate.m in Sources */ = {isa = PBXBuildFile; fileRef = 489A7EB114CF933100191795 /* VLAppDelegate.m */; };
		489A7EB514CF933100191795 /* VLViewController.m in Sources */ = {isa = PBXBuildFile; fileRef = 489A7EB414CF933100191795 /* VLViewController.m */; };
		489A7EB814CF933100191795 /* VLViewController.xib in Resources */ = {isa = PBXBuildFile; fileRef = 489A7EB614CF933100191795 /* VLViewController.xib */; };
		489A7EBF14CF992F00191795 /* AVFoundation.framework in Frameworks */ = {isa = PBXBuildFile; fileRef = 489A7EBE14CF992F00191795 /* AVFoundation.framework */; };
		489A7EC214CFA2C300191795 /* Default.png in Resources */ = {isa = PBXBuildFile; fileRef = 489A7EC014CFA2C300191795 /* Default.png */; };
		489A7EC314CFA2C300191795 /* Default@2x.png in Resources */ = {isa = PBXBuildFile; fileRef = 489A7EC114CFA2C300191795 /* Default@2x.png */; };
		489A7ED014CFA6DE00191795 /* icon_1024.png in Resources */ = {isa = PBXBuildFile; fileRef = 489A7EC814CFA6DD00191795 /* icon_1024.png */; };
		489A7ED114CFA6DE00191795 /* icon_29.png in Resources */ = {isa = PBXBuildFile; fileRef = 489A7EC914CFA6DD00191795 /* icon_29.png */; };
		489A7ED214CFA6DE00191795 /* icon_50.png in Resources */ = {isa = PBXBuildFile; fileRef = 489A7ECA14CFA6DD00191795 /* icon_50.png */; };
		489A7ED314CFA6DE00191795 /* icon_57.png in Resources */ = {isa = PBXBuildFile; fileRef = 489A7ECB14CFA6DD00191795 /* icon_57.png */; };
		489A7ED414CFA6DE00191795 /* icon_58.png in Resources */ = {isa = PBXBuildFile; fileRef = 489A7ECC14CFA6DD00191795 /* icon_58.png */; };
		489A7ED514CFA6DE00191795 /* icon_72.png in Resources */ = {isa = PBXBuildFile; fileRef = 489A7ECD14CFA6DE00191795 /* icon_72.png */; };
		489A7ED614CFA6DE00191795 /* icon_114.png in Resources */ = {isa = PBXBuildFile; fileRef = 489A7ECE14CFA6DE00191795 /* icon_114.png */; };
		489A7ED714CFA6DE00191795 /* icon_512.png in Resources */ = {isa = PBXBuildFile; fileRef = 489A7ECF14CFA6DE00191795 /* icon_512.png */; };
/* End PBXBuildFile section */

/* Begin PBXFileReference section */
		4853269715BC7C6900821A1D /* icon_144.png */ = {isa = PBXFileReference; lastKnownFileType = image.png; path = icon_144.png; sourceTree = "<group>"; };
		489A7E9D14CF933100191795 /* VeryLight.app */ = {isa = PBXFileReference; explicitFileType = wrapper.application; includeInIndex = 0; path = VeryLight.app; sourceTree = BUILT_PRODUCTS_DIR; };
		489A7EA114CF933100191795 /* UIKit.framework */ = {isa = PBXFileReference; lastKnownFileType = wrapper.framework; name = UIKit.framework; path = System/Library/Frameworks/UIKit.framework; sourceTree = SDKROOT; };
		489A7EA314CF933100191795 /* Foundation.framework */ = {isa = PBXFileReference; lastKnownFileType = wrapper.framework; name = Foundation.framework; path = System/Library/Frameworks/Foundation.framework; sourceTree = SDKROOT; };
		489A7EA514CF933100191795 /* CoreGraphics.framework */ = {isa = PBXFileReference; lastKnownFileType = wrapper.framework; name = CoreGraphics.framework; path = System/Library/Frameworks/CoreGraphics.framework; sourceTree = SDKROOT; };
		489A7EA914CF933100191795 /* VeryLight-Info.plist */ = {isa = PBXFileReference; lastKnownFileType = text.plist.xml; path = "VeryLight-Info.plist"; sourceTree = "<group>"; };
		489A7EAB14CF933100191795 /* en */ = {isa = PBXFileReference; lastKnownFileType = text.plist.strings; name = en; path = en.lproj/InfoPlist.strings; sourceTree = "<group>"; };
		489A7EAD14CF933100191795 /* main.m */ = {isa = PBXFileReference; lastKnownFileType = sourcecode.c.objc; path = main.m; sourceTree = "<group>"; };
		489A7EAF14CF933100191795 /* VeryLight-Prefix.pch */ = {isa = PBXFileReference; lastKnownFileType = sourcecode.c.h; path = "VeryLight-Prefix.pch"; sourceTree = "<group>"; };
		489A7EB014CF933100191795 /* VLAppDelegate.h */ = {isa = PBXFileReference; lastKnownFileType = sourcecode.c.h; path = VLAppDelegate.h; sourceTree = "<group>"; };
		489A7EB114CF933100191795 /* VLAppDelegate.m */ = {isa = PBXFileReference; lastKnownFileType = sourcecode.c.objc; path = VLAppDelegate.m; sourceTree = "<group>"; };
		489A7EB314CF933100191795 /* VLViewController.h */ = {isa = PBXFileReference; lastKnownFileType = sourcecode.c.h; path = VLViewController.h; sourceTree = "<group>"; };
		489A7EB414CF933100191795 /* VLViewController.m */ = {isa = PBXFileReference; lastKnownFileType = sourcecode.c.objc; path = VLViewController.m; sourceTree = "<group>"; };
		489A7EB714CF933100191795 /* en */ = {isa = PBXFileReference; lastKnownFileType = file.xib; name = en; path = en.lproj/VLViewController.xib; sourceTree = "<group>"; };
		489A7EBE14CF992F00191795 /* AVFoundation.framework */ = {isa = PBXFileReference; lastKnownFileType = wrapper.framework; name = AVFoundation.framework; path = System/Library/Frameworks/AVFoundation.framework; sourceTree = SDKROOT; };
		489A7EC014CFA2C300191795 /* Default.png */ = {isa = PBXFileReference; lastKnownFileType = image.png; path = Default.png; sourceTree = "<group>"; };
		489A7EC114CFA2C300191795 /* Default@2x.png */ = {isa = PBXFileReference; lastKnownFileType = image.png; path = "Default@2x.png"; sourceTree = "<group>"; };
		489A7EC814CFA6DD00191795 /* icon_1024.png */ = {isa = PBXFileReference; lastKnownFileType = image.png; path = icon_1024.png; sourceTree = "<group>"; };
		489A7EC914CFA6DD00191795 /* icon_29.png */ = {isa = PBXFileReference; lastKnownFileType = image.png; path = icon_29.png; sourceTree = "<group>"; };
		489A7ECA14CFA6DD00191795 /* icon_50.png */ = {isa = PBXFileReference; lastKnownFileType = image.png; path = icon_50.png; sourceTree = "<group>"; };
		489A7ECB14CFA6DD00191795 /* icon_57.png */ = {isa = PBXFileReference; lastKnownFileType = image.png; path = icon_57.png; sourceTree = "<group>"; };
		489A7ECC14CFA6DD00191795 /* icon_58.png */ = {isa = PBXFileReference; lastKnownFileType = image.png; path = icon_58.png; sourceTree = "<group>"; };
		489A7ECD14CFA6DE00191795 /* icon_72.png */ = {isa = PBXFileReference; lastKnownFileType = image.png; path = icon_72.png; sourceTree = "<group>"; };
		489A7ECE14CFA6DE00191795 /* icon_114.png */ = {isa = PBXFileReference; lastKnownFileType = image.png; path = icon_114.png; sourceTree = "<group>"; };
		489A7ECF14CFA6DE00191795 /* icon_512.png */ = {isa = PBXFileReference; lastKnownFileType = image.png; path = icon_512.png; sourceTree = "<group>"; };
/* End PBXFileReference section */

/* Begin PBXFrameworksBuildPhase section */
		489A7E9A14CF933100191795 /* Frameworks */ = {
			isa = PBXFrameworksBuildPhase;
			buildActionMask = 2147483647;
			files = (
				489A7EBF14CF992F00191795 /* AVFoundation.framework in Frameworks */,
				489A7EA214CF933100191795 /* UIKit.framework in Frameworks */,
				489A7EA414CF933100191795 /* Foundation.framework in Frameworks */,
				489A7EA614CF933100191795 /* CoreGraphics.framework in Frameworks */,
			);
			runOnlyForDeploymentPostprocessing = 0;
		};
/* End PBXFrameworksBuildPhase section */

/* Begin PBXGroup section */
		489A7E9214CF933000191795 = {
			isa = PBXGroup;
			children = (
				489A7EA714CF933100191795 /* VeryLight */,
				489A7EA014CF933100191795 /* Frameworks */,
				489A7E9E14CF933100191795 /* Products */,
			);
			sourceTree = "<group>";
		};
		489A7E9E14CF933100191795 /* Products */ = {
			isa = PBXGroup;
			children = (
				489A7E9D14CF933100191795 /* VeryLight.app */,
			);
			name = Products;
			sourceTree = "<group>";
		};
		489A7EA014CF933100191795 /* Frameworks */ = {
			isa = PBXGroup;
			children = (
				489A7EBE14CF992F00191795 /* AVFoundation.framework */,
				489A7EA114CF933100191795 /* UIKit.framework */,
				489A7EA314CF933100191795 /* Foundation.framework */,
				489A7EA514CF933100191795 /* CoreGraphics.framework */,
			);
			name = Frameworks;
			sourceTree = "<group>";
		};
		489A7EA714CF933100191795 /* VeryLight */ = {
			isa = PBXGroup;
			children = (
				489A7EB014CF933100191795 /* VLAppDelegate.h */,
				489A7EB114CF933100191795 /* VLAppDelegate.m */,
				489A7EB314CF933100191795 /* VLViewController.h */,
				489A7EB414CF933100191795 /* VLViewController.m */,
				489A7EB614CF933100191795 /* VLViewController.xib */,
				489A7EC014CFA2C300191795 /* Default.png */,
				489A7EC114CFA2C300191795 /* Default@2x.png */,
				489A7EC914CFA6DD00191795 /* icon_29.png */,
				489A7ECA14CFA6DD00191795 /* icon_50.png */,
				489A7ECB14CFA6DD00191795 /* icon_57.png */,
				489A7ECC14CFA6DD00191795 /* icon_58.png */,
				489A7ECD14CFA6DE00191795 /* icon_72.png */,
				489A7ECE14CFA6DE00191795 /* icon_114.png */,
				4853269715BC7C6900821A1D /* icon_144.png */,
				489A7ECF14CFA6DE00191795 /* icon_512.png */,
				489A7EC814CFA6DD00191795 /* icon_1024.png */,
				489A7EA814CF933100191795 /* Supporting Files */,
			);
			path = VeryLight;
			sourceTree = "<group>";
		};
		489A7EA814CF933100191795 /* Supporting Files */ = {
			isa = PBXGroup;
			children = (
				489A7EA914CF933100191795 /* VeryLight-Info.plist */,
				489A7EAA14CF933100191795 /* InfoPlist.strings */,
				489A7EAD14CF933100191795 /* main.m */,
				489A7EAF14CF933100191795 /* VeryLight-Prefix.pch */,
			);
			name = "Supporting Files";
			sourceTree = "<group>";
		};
/* End PBXGroup section */

/* Begin PBXNativeTarget section */
		489A7E9C14CF933100191795 /* VeryLight */ = {
			isa = PBXNativeTarget;
			buildConfigurationList = 489A7EBB14CF933100191795 /* Build configuration list for PBXNativeTarget "VeryLight" */;
			buildPhases = (
				489A7E9914CF933100191795 /* Sources */,
				489A7E9A14CF933100191795 /* Frameworks */,
				489A7E9B14CF933100191795 /* Resources */,
			);
			buildRules = (
			);
			dependencies = (
			);
			name = VeryLight;
			productName = VeryLight;
			productReference = 489A7E9D14CF933100191795 /* VeryLight.app */;
			productType = "com.apple.product-type.application";
		};
/* End PBXNativeTarget section */

/* Begin PBXProject section */
		489A7E9414CF933000191795 /* Project object */ = {
			isa = PBXProject;
			attributes = {
				LastUpgradeCheck = 0420;
			};
			buildConfigurationList = 489A7E9714CF933000191795 /* Build configuration list for PBXProject "VeryLight" */;
			compatibilityVersion = "Xcode 3.2";
			developmentRegion = English;
			hasScannedForEncodings = 0;
			knownRegions = (
				en,
			);
			mainGroup = 489A7E9214CF933000191795;
			productRefGroup = 489A7E9E14CF933100191795 /* Products */;
			projectDirPath = "";
			projectRoot = "";
			targets = (
				489A7E9C14CF933100191795 /* VeryLight */,
			);
		};
/* End PBXProject section */

/* Begin PBXResourcesBuildPhase section */
		489A7E9B14CF933100191795 /* Resources */ = {
			isa = PBXResourcesBuildPhase;
			buildActionMask = 2147483647;
			files = (
				489A7EAC14CF933100191795 /* InfoPlist.strings in Resources */,
				489A7EB814CF933100191795 /* VLViewController.xib in Resources */,
				489A7EC214CFA2C300191795 /* Default.png in Resources */,
				489A7EC314CFA2C300191795 /* Default@2x.png in Resources */,
				489A7ED014CFA6DE00191795 /* icon_1024.png in Resources */,
				489A7ED114CFA6DE00191795 /* icon_29.png in Resources */,
				489A7ED214CFA6DE00191795 /* icon_50.png in Resources */,
				489A7ED314CFA6DE00191795 /* icon_57.png in Resources */,
				489A7ED414CFA6DE00191795 /* icon_58.png in Resources */,
				489A7ED514CFA6DE00191795 /* icon_72.png in Resources */,
				489A7ED614CFA6DE00191795 /* icon_114.png in Resources */,
				489A7ED714CFA6DE00191795 /* icon_512.png in Resources */,
				4853269815BC7C6900821A1D /* icon_144.png in Resources */,
			);
			runOnlyForDeploymentPostprocessing = 0;
		};
/* End PBXResourcesBuildPhase section */

/* Begin PBXSourcesBuildPhase section */
		489A7E9914CF933100191795 /* Sources */ = {
			isa = PBXSourcesBuildPhase;
			buildActionMask = 2147483647;
			files = (
				489A7EAE14CF933100191795 /* main.m in Sources */,
				489A7EB214CF933100191795 /* VLAppDelegate.m in Sources */,
				489A7EB514CF933100191795 /* VLViewController.m in Sources */,
			);
			runOnlyForDeploymentPostprocessing = 0;
		};
/* End PBXSourcesBuildPhase section */

/* Begin PBXVariantGroup section */
		489A7EAA14CF933100191795 /* InfoPlist.strings */ = {
			isa = PBXVariantGroup;
			children = (
				489A7EAB14CF933100191795 /* en */,
			);
			name = InfoPlist.strings;
			sourceTree = "<group>";
		};
		489A7EB614CF933100191795 /* VLViewController.xib */ = {
			isa = PBXVariantGroup;
			children = (
				489A7EB714CF933100191795 /* en */,
			);
			name = VLViewController.xib;
			sourceTree = "<group>";
		};
/* End PBXVariantGroup section */

/* Begin XCBuildConfiguration section */
		489A7EB914CF933100191795 /* Debug */ = {
			isa = XCBuildConfiguration;
			buildSettings = {
				ALWAYS_SEARCH_USER_PATHS = NO;
				ARCHS = "$(ARCHS_STANDARD_32_BIT)";
				"CODE_SIGN_IDENTITY[sdk=iphoneos*]" = "iPhone Developer";
				COPY_PHASE_STRIP = NO;
				GCC_C_LANGUAGE_STANDARD = gnu99;
				GCC_DYNAMIC_NO_PIC = NO;
				GCC_OPTIMIZATION_LEVEL = 0;
				GCC_PREPROCESSOR_DEFINITIONS = (
					"DEBUG=1",
					"$(inherited)",
				);
				GCC_SYMBOLS_PRIVATE_EXTERN = NO;
				GCC_VERSION = com.apple.compilers.llvm.clang.1_0;
				GCC_WARN_ABOUT_MISSING_PROTOTYPES = YES;
				GCC_WARN_ABOUT_RETURN_TYPE = YES;
				GCC_WARN_UNUSED_VARIABLE = YES;
				IPHONEOS_DEPLOYMENT_TARGET = 5.0;
				SDKROOT = iphoneos;
			};
			name = Debug;
		};
		489A7EBA14CF933100191795 /* Release */ = {
			isa = XCBuildConfiguration;
			buildSettings = {
				ALWAYS_SEARCH_USER_PATHS = NO;
				ARCHS = "$(ARCHS_STANDARD_32_BIT)";
				"CODE_SIGN_IDENTITY[sdk=iphoneos*]" = "iPhone Developer";
				COPY_PHASE_STRIP = YES;
				GCC_C_LANGUAGE_STANDARD = gnu99;
				GCC_VERSION = com.apple.compilers.llvm.clang.1_0;
				GCC_WARN_ABOUT_MISSING_PROTOTYPES = YES;
				GCC_WARN_ABOUT_RETURN_TYPE = YES;
				GCC_WARN_UNUSED_VARIABLE = YES;
				IPHONEOS_DEPLOYMENT_TARGET = 5.0;
				OTHER_CFLAGS = "-DNS_BLOCK_ASSERTIONS=1";
				SDKROOT = iphoneos;
				VALIDATE_PRODUCT = YES;
			};
			name = Release;
		};
		489A7EBC14CF933100191795 /* Debug */ = {
			isa = XCBuildConfiguration;
			buildSettings = {
				GCC_PRECOMPILE_PREFIX_HEADER = YES;
				GCC_PREFIX_HEADER = "VeryLight/VeryLight-Prefix.pch";
				INFOPLIST_FILE = "VeryLight/VeryLight-Info.plist";
				IPHONEOS_DEPLOYMENT_TARGET = 4.2;
				PRODUCT_NAME = "$(TARGET_NAME)";
				WRAPPER_EXTENSION = app;
			};
			name = Debug;
		};
		489A7EBD14CF933100191795 /* Release */ = {
			isa = XCBuildConfiguration;
			buildSettings = {
				GCC_PRECOMPILE_PREFIX_HEADER = YES;
				GCC_PREFIX_HEADER = "VeryLight/VeryLight-Prefix.pch";
				INFOPLIST_FILE = "VeryLight/VeryLight-Info.plist";
				IPHONEOS_DEPLOYMENT_TARGET = 4.2;
				PRODUCT_NAME = "$(TARGET_NAME)";
				WRAPPER_EXTENSION = app;
			};
			name = Release;
		};
/* End XCBuildConfiguration section */

/* Begin XCConfigurationList section */
		489A7E9714CF933000191795 /* Build configuration list for PBXProject "VeryLight" */ = {
			isa = XCConfigurationList;
			buildConfigurations = (
				489A7EB914CF933100191795 /* Debug */,
				489A7EBA14CF933100191795 /* Release */,
			);
			defaultConfigurationIsVisible = 0;
			defaultConfigurationName = Release;
		};
		489A7EBB14CF933100191795 /* Build configuration list for PBXNativeTarget "VeryLight" */ = {
			isa = XCConfigurationList;
			buildConfigurations = (
				489A7EBC14CF933100191795 /* Debug */,
				489A7EBD14CF933100191795 /* Release */,
			);
			defaultConfigurationIsVisible = 0;
			defaultConfigurationName = Release;
		};
/* End XCConfigurationList section */
	};
	rootObject = 489A7E9414CF933000191795 /* Project object */;
}
